
Microsoft Visual Studio Solution File, Format Version 12.00
Project("{FAE04EC0-301F-11D3-BF4B-00C04F79EFBC}") = "Mission8", "Mission8\Mission8.csproj", "{ED5E820C-29E5-4CC2-9CF3-2A13F2A26AF9}"
EndProject
Global
	GlobalSection(SolutionConfigurationPlatforms) = preSolution
		Debug|Any CPU = Debug|Any CPU
		Release|Any CPU = Release|Any CPU
	EndGlobalSection
	GlobalSection(ProjectConfigurationPlatforms) = postSolution
		{ED5E820C-29E5-4CC2-9CF3-2A13F2A26AF9}.Debug|Any CPU.ActiveCfg = Debug|Any CPU
		{ED5E820C-29E5-4CC2-9CF3-2A13F2A26AF9}.Debug|Any CPU.Build.0 = Debug|Any CPU
		{ED5E820C-29E5-4CC2-9CF3-2A13F2A26AF9}.Release|Any CPU.ActiveCfg = Release|Any CPU
		{ED5E820C-29E5-4CC2-9CF3-2A13F2A26AF9}.Release|Any CPU.Build.0 = Release|Any CPU
	EndGlobalSection
EndGlobal
